
Microsoft Visual Studio Solution File, Format Version 12.00
# Visual Studio Version 16
VisualStudioVersion = 16.0.30523.141
MinimumVisualStudioVersion = 10.0.40219.1
Project("{FAE04EC0-301F-11D3-BF4B-00C04F79EFBC}") = "Remove_All", "Remove_All\Remove_All.csproj", "{27C0A880-3587-4864-AC2E-6BE18DC743DD}"
EndProject
Global
	GlobalSection(SolutionConfigurationPlatforms) = preSolution
		Debug|Any CPU = Debug|Any CPU
		Release|Any CPU = Release|Any CPU
	EndGlobalSection
	GlobalSection(ProjectConfigurationPlatforms) = postSolution
		{27C0A880-3587-4864-AC2E-6BE18DC743DD}.Debug|Any CPU.ActiveCfg = Debug|Any CPU
		{27C0A880-3587-4864-AC2E-6BE18DC743DD}.Debug|Any CPU.Build.0 = Debug|Any CPU
		{27C0A880-3587-4864-AC2E-6BE18DC743DD}.Release|Any CPU.ActiveCfg = Release|Any CPU
		{27C0A880-3587-4864-AC2E-6BE18DC743DD}.Release|Any CPU.Build.0 = Release|Any CPU
	EndGlobalSection
	GlobalSection(SolutionProperties) = preSolution
		HideSolutionNode = FALSE
	EndGlobalSection
	GlobalSection(ExtensibilityGlobals) = postSolution
		SolutionGuid = {36A0296E-F203-40F1-9D71-01FEC115AC0E}
	EndGlobalSection
EndGlobal
