
Microsoft Visual Studio Solution File, Format Version 12.00
# Visual Studio Version 16
VisualStudioVersion = 16.0.30517.126
MinimumVisualStudioVersion = 10.0.40219.1
Project("{FAE04EC0-301F-11D3-BF4B-00C04F79EFBC}") = "Ejercicio_2_2_7_1", "Ejercicio_2_2_7_1\Ejercicio_2_2_7_1.csproj", "{D3652E82-9BAB-4BF8-A67A-C51F1D57D90F}"
EndProject
Global
	GlobalSection(SolutionConfigurationPlatforms) = preSolution
		Debug|Any CPU = Debug|Any CPU
		Release|Any CPU = Release|Any CPU
	EndGlobalSection
	GlobalSection(ProjectConfigurationPlatforms) = postSolution
		{D3652E82-9BAB-4BF8-A67A-C51F1D57D90F}.Debug|Any CPU.ActiveCfg = Debug|Any CPU
		{D3652E82-9BAB-4BF8-A67A-C51F1D57D90F}.Debug|Any CPU.Build.0 = Debug|Any CPU
		{D3652E82-9BAB-4BF8-A67A-C51F1D57D90F}.Release|Any CPU.ActiveCfg = Release|Any CPU
		{D3652E82-9BAB-4BF8-A67A-C51F1D57D90F}.Release|Any CPU.Build.0 = Release|Any CPU
	EndGlobalSection
	GlobalSection(SolutionProperties) = preSolution
		HideSolutionNode = FALSE
	EndGlobalSection
	GlobalSection(ExtensibilityGlobals) = postSolution
		SolutionGuid = {B39BD3D0-72F6-4E6A-A537-EDC1A6B5B3A5}
	EndGlobalSection
EndGlobal
