
Microsoft Visual Studio Solution File, Format Version 12.00
# Visual Studio Version 16
VisualStudioVersion = 16.0.30523.141
MinimumVisualStudioVersion = 10.0.40219.1
Project("{FAE04EC0-301F-11D3-BF4B-00C04F79EFBC}") = "Ejercicio_5_10_1", "Ejercicio_5_10_1\Ejercicio_5_10_1.csproj", "{85EA1149-0815-4661-844F-F44F4D6CB834}"
EndProject
Global
	GlobalSection(SolutionConfigurationPlatforms) = preSolution
		Debug|Any CPU = Debug|Any CPU
		Release|Any CPU = Release|Any CPU
	EndGlobalSection
	GlobalSection(ProjectConfigurationPlatforms) = postSolution
		{85EA1149-0815-4661-844F-F44F4D6CB834}.Debug|Any CPU.ActiveCfg = Debug|Any CPU
		{85EA1149-0815-4661-844F-F44F4D6CB834}.Debug|Any CPU.Build.0 = Debug|Any CPU
		{85EA1149-0815-4661-844F-F44F4D6CB834}.Release|Any CPU.ActiveCfg = Release|Any CPU
		{85EA1149-0815-4661-844F-F44F4D6CB834}.Release|Any CPU.Build.0 = Release|Any CPU
	EndGlobalSection
	GlobalSection(SolutionProperties) = preSolution
		HideSolutionNode = FALSE
	EndGlobalSection
	GlobalSection(ExtensibilityGlobals) = postSolution
		SolutionGuid = {5B329767-C449-4F94-9A6C-3FBFBF298C46}
	EndGlobalSection
EndGlobal
