
Microsoft Visual Studio Solution File, Format Version 12.00
# Visual Studio Version 16
VisualStudioVersion = 16.0.30523.141
MinimumVisualStudioVersion = 10.0.40219.1
Project("{FAE04EC0-301F-11D3-BF4B-00C04F79EFBC}") = "Ejercicio_7_1_2", "Ejercicio_7_1_2\Ejercicio_7_1_2.csproj", "{38AECB1C-E329-4555-B4F0-E985191F47FE}"
EndProject
Global
	GlobalSection(SolutionConfigurationPlatforms) = preSolution
		Debug|Any CPU = Debug|Any CPU
		Release|Any CPU = Release|Any CPU
	EndGlobalSection
	GlobalSection(ProjectConfigurationPlatforms) = postSolution
		{38AECB1C-E329-4555-B4F0-E985191F47FE}.Debug|Any CPU.ActiveCfg = Debug|Any CPU
		{38AECB1C-E329-4555-B4F0-E985191F47FE}.Debug|Any CPU.Build.0 = Debug|Any CPU
		{38AECB1C-E329-4555-B4F0-E985191F47FE}.Release|Any CPU.ActiveCfg = Release|Any CPU
		{38AECB1C-E329-4555-B4F0-E985191F47FE}.Release|Any CPU.Build.0 = Release|Any CPU
	EndGlobalSection
	GlobalSection(SolutionProperties) = preSolution
		HideSolutionNode = FALSE
	EndGlobalSection
	GlobalSection(ExtensibilityGlobals) = postSolution
		SolutionGuid = {76E4B9D9-D66F-4757-9711-6F391E2B5C27}
	EndGlobalSection
EndGlobal
