
Microsoft Visual Studio Solution File, Format Version 12.00
# Visual Studio Version 16
VisualStudioVersion = 16.0.30517.126
MinimumVisualStudioVersion = 10.0.40219.1
Project("{FAE04EC0-301F-11D3-BF4B-00C04F79EFBC}") = "Ejercicio_2_1_9_4", "Ejercicio_2_1_9_4\Ejercicio_2_1_9_4.csproj", "{4C82E54B-75F4-457F-A818-53A496349363}"
EndProject
Global
	GlobalSection(SolutionConfigurationPlatforms) = preSolution
		Debug|Any CPU = Debug|Any CPU
		Release|Any CPU = Release|Any CPU
	EndGlobalSection
	GlobalSection(ProjectConfigurationPlatforms) = postSolution
		{4C82E54B-75F4-457F-A818-53A496349363}.Debug|Any CPU.ActiveCfg = Debug|Any CPU
		{4C82E54B-75F4-457F-A818-53A496349363}.Debug|Any CPU.Build.0 = Debug|Any CPU
		{4C82E54B-75F4-457F-A818-53A496349363}.Release|Any CPU.ActiveCfg = Release|Any CPU
		{4C82E54B-75F4-457F-A818-53A496349363}.Release|Any CPU.Build.0 = Release|Any CPU
	EndGlobalSection
	GlobalSection(SolutionProperties) = preSolution
		HideSolutionNode = FALSE
	EndGlobalSection
	GlobalSection(ExtensibilityGlobals) = postSolution
		SolutionGuid = {2AE4745F-CBF7-4EF3-863B-77FDB3C063F4}
	EndGlobalSection
EndGlobal
