
Microsoft Visual Studio Solution File, Format Version 12.00
# Visual Studio Version 16
VisualStudioVersion = 16.0.30523.141
MinimumVisualStudioVersion = 10.0.40219.1
Project("{FAE04EC0-301F-11D3-BF4B-00C04F79EFBC}") = "Ejercicio_5_4_4", "Ejercicio_5_4_4\Ejercicio_5_4_4.csproj", "{21F5EFEF-FC31-4227-B9A0-03B4C4C3B5B8}"
EndProject
Global
	GlobalSection(SolutionConfigurationPlatforms) = preSolution
		Debug|Any CPU = Debug|Any CPU
		Release|Any CPU = Release|Any CPU
	EndGlobalSection
	GlobalSection(ProjectConfigurationPlatforms) = postSolution
		{21F5EFEF-FC31-4227-B9A0-03B4C4C3B5B8}.Debug|Any CPU.ActiveCfg = Debug|Any CPU
		{21F5EFEF-FC31-4227-B9A0-03B4C4C3B5B8}.Debug|Any CPU.Build.0 = Debug|Any CPU
		{21F5EFEF-FC31-4227-B9A0-03B4C4C3B5B8}.Release|Any CPU.ActiveCfg = Release|Any CPU
		{21F5EFEF-FC31-4227-B9A0-03B4C4C3B5B8}.Release|Any CPU.Build.0 = Release|Any CPU
	EndGlobalSection
	GlobalSection(SolutionProperties) = preSolution
		HideSolutionNode = FALSE
	EndGlobalSection
	GlobalSection(ExtensibilityGlobals) = postSolution
		SolutionGuid = {40D9C491-3568-4D0D-98DC-3F6038F1B258}
	EndGlobalSection
EndGlobal
