
Microsoft Visual Studio Solution File, Format Version 12.00
# Visual Studio Version 16
VisualStudioVersion = 16.0.30503.244
MinimumVisualStudioVersion = 10.0.40219.1
Project("{FAE04EC0-301F-11D3-BF4B-00C04F79EFBC}") = "Ejercicio_1_5_2_1", "Ejercicio_1_5_2_1\Ejercicio_1_5_2_1.csproj", "{8F40183B-DE28-4915-BFD3-6E94D8E2F430}"
EndProject
Global
	GlobalSection(SolutionConfigurationPlatforms) = preSolution
		Debug|Any CPU = Debug|Any CPU
		Release|Any CPU = Release|Any CPU
	EndGlobalSection
	GlobalSection(ProjectConfigurationPlatforms) = postSolution
		{8F40183B-DE28-4915-BFD3-6E94D8E2F430}.Debug|Any CPU.ActiveCfg = Debug|Any CPU
		{8F40183B-DE28-4915-BFD3-6E94D8E2F430}.Debug|Any CPU.Build.0 = Debug|Any CPU
		{8F40183B-DE28-4915-BFD3-6E94D8E2F430}.Release|Any CPU.ActiveCfg = Release|Any CPU
		{8F40183B-DE28-4915-BFD3-6E94D8E2F430}.Release|Any CPU.Build.0 = Release|Any CPU
	EndGlobalSection
	GlobalSection(SolutionProperties) = preSolution
		HideSolutionNode = FALSE
	EndGlobalSection
	GlobalSection(ExtensibilityGlobals) = postSolution
		SolutionGuid = {21D590A0-C93C-4B10-A4FE-34EA8F0DF1A7}
	EndGlobalSection
EndGlobal
