
Microsoft Visual Studio Solution File, Format Version 12.00
# Visual Studio Version 16
VisualStudioVersion = 16.0.30523.141
MinimumVisualStudioVersion = 10.0.40219.1
Project("{FAE04EC0-301F-11D3-BF4B-00C04F79EFBC}") = "menu", "menu\menu.csproj", "{05BDFC70-1D12-4FA3-956B-62439104BFFF}"
EndProject
Global
	GlobalSection(SolutionConfigurationPlatforms) = preSolution
		Debug|Any CPU = Debug|Any CPU
		Release|Any CPU = Release|Any CPU
	EndGlobalSection
	GlobalSection(ProjectConfigurationPlatforms) = postSolution
		{05BDFC70-1D12-4FA3-956B-62439104BFFF}.Debug|Any CPU.ActiveCfg = Debug|Any CPU
		{05BDFC70-1D12-4FA3-956B-62439104BFFF}.Debug|Any CPU.Build.0 = Debug|Any CPU
		{05BDFC70-1D12-4FA3-956B-62439104BFFF}.Release|Any CPU.ActiveCfg = Release|Any CPU
		{05BDFC70-1D12-4FA3-956B-62439104BFFF}.Release|Any CPU.Build.0 = Release|Any CPU
	EndGlobalSection
	GlobalSection(SolutionProperties) = preSolution
		HideSolutionNode = FALSE
	EndGlobalSection
	GlobalSection(ExtensibilityGlobals) = postSolution
		SolutionGuid = {24360AEE-FCD1-4BD0-82FA-37E1B3445FFD}
	EndGlobalSection
EndGlobal
