
Microsoft Visual Studio Solution File, Format Version 12.00
# Visual Studio Version 16
VisualStudioVersion = 16.0.30503.244
MinimumVisualStudioVersion = 10.0.40219.1
Project("{FAE04EC0-301F-11D3-BF4B-00C04F79EFBC}") = "Ejercicio_1_11_2", "Ejercicio_1_11_2\Ejercicio_1_11_2.csproj", "{1827E7C8-F7A4-46DA-999A-EDE67E3B3DCA}"
EndProject
Global
	GlobalSection(SolutionConfigurationPlatforms) = preSolution
		Debug|Any CPU = Debug|Any CPU
		Release|Any CPU = Release|Any CPU
	EndGlobalSection
	GlobalSection(ProjectConfigurationPlatforms) = postSolution
		{1827E7C8-F7A4-46DA-999A-EDE67E3B3DCA}.Debug|Any CPU.ActiveCfg = Debug|Any CPU
		{1827E7C8-F7A4-46DA-999A-EDE67E3B3DCA}.Debug|Any CPU.Build.0 = Debug|Any CPU
		{1827E7C8-F7A4-46DA-999A-EDE67E3B3DCA}.Release|Any CPU.ActiveCfg = Release|Any CPU
		{1827E7C8-F7A4-46DA-999A-EDE67E3B3DCA}.Release|Any CPU.Build.0 = Release|Any CPU
	EndGlobalSection
	GlobalSection(SolutionProperties) = preSolution
		HideSolutionNode = FALSE
	EndGlobalSection
	GlobalSection(ExtensibilityGlobals) = postSolution
		SolutionGuid = {525D8850-B783-4A9E-9656-DB1D9848B0B4}
	EndGlobalSection
EndGlobal
