
Microsoft Visual Studio Solution File, Format Version 12.00
# Visual Studio Version 16
VisualStudioVersion = 16.0.30503.244
MinimumVisualStudioVersion = 10.0.40219.1
Project("{FAE04EC0-301F-11D3-BF4B-00C04F79EFBC}") = "Ejercicio_1_6_1_1", "Ejercicio_1_6_1_1\Ejercicio_1_6_1_1.csproj", "{7A0CA382-AFDE-4A55-A950-D5BEAF4CAF37}"
EndProject
Global
	GlobalSection(SolutionConfigurationPlatforms) = preSolution
		Debug|Any CPU = Debug|Any CPU
		Release|Any CPU = Release|Any CPU
	EndGlobalSection
	GlobalSection(ProjectConfigurationPlatforms) = postSolution
		{7A0CA382-AFDE-4A55-A950-D5BEAF4CAF37}.Debug|Any CPU.ActiveCfg = Debug|Any CPU
		{7A0CA382-AFDE-4A55-A950-D5BEAF4CAF37}.Debug|Any CPU.Build.0 = Debug|Any CPU
		{7A0CA382-AFDE-4A55-A950-D5BEAF4CAF37}.Release|Any CPU.ActiveCfg = Release|Any CPU
		{7A0CA382-AFDE-4A55-A950-D5BEAF4CAF37}.Release|Any CPU.Build.0 = Release|Any CPU
	EndGlobalSection
	GlobalSection(SolutionProperties) = preSolution
		HideSolutionNode = FALSE
	EndGlobalSection
	GlobalSection(ExtensibilityGlobals) = postSolution
		SolutionGuid = {1170885A-41F5-4C3E-A2C1-4A0630AC4629}
	EndGlobalSection
EndGlobal
