
Microsoft Visual Studio Solution File, Format Version 12.00
# Visual Studio Version 16
VisualStudioVersion = 16.0.30523.141
MinimumVisualStudioVersion = 10.0.40219.1
Project("{FAE04EC0-301F-11D3-BF4B-00C04F79EFBC}") = "Ejercicio_6_3_3", "Ejercicio_6_3_3\Ejercicio_6_3_3.csproj", "{5D0573BC-E7A5-4517-BEBD-139E8A1ABC12}"
EndProject
Global
	GlobalSection(SolutionConfigurationPlatforms) = preSolution
		Debug|Any CPU = Debug|Any CPU
		Release|Any CPU = Release|Any CPU
	EndGlobalSection
	GlobalSection(ProjectConfigurationPlatforms) = postSolution
		{5D0573BC-E7A5-4517-BEBD-139E8A1ABC12}.Debug|Any CPU.ActiveCfg = Debug|Any CPU
		{5D0573BC-E7A5-4517-BEBD-139E8A1ABC12}.Debug|Any CPU.Build.0 = Debug|Any CPU
		{5D0573BC-E7A5-4517-BEBD-139E8A1ABC12}.Release|Any CPU.ActiveCfg = Release|Any CPU
		{5D0573BC-E7A5-4517-BEBD-139E8A1ABC12}.Release|Any CPU.Build.0 = Release|Any CPU
	EndGlobalSection
	GlobalSection(SolutionProperties) = preSolution
		HideSolutionNode = FALSE
	EndGlobalSection
	GlobalSection(ExtensibilityGlobals) = postSolution
		SolutionGuid = {2B797ECA-E44F-4FF7-ADEA-30C5EAE78C08}
	EndGlobalSection
EndGlobal
