
Microsoft Visual Studio Solution File, Format Version 12.00
# Visual Studio Version 16
VisualStudioVersion = 16.0.30523.141
MinimumVisualStudioVersion = 10.0.40219.1
Project("{FAE04EC0-301F-11D3-BF4B-00C04F79EFBC}") = "Ejercicio_5_3_3", "Ejercicio_5_3_3\Ejercicio_5_3_3.csproj", "{AB199440-6E76-4F7D-AFA1-A0CC4457CC4C}"
EndProject
Global
	GlobalSection(SolutionConfigurationPlatforms) = preSolution
		Debug|Any CPU = Debug|Any CPU
		Release|Any CPU = Release|Any CPU
	EndGlobalSection
	GlobalSection(ProjectConfigurationPlatforms) = postSolution
		{AB199440-6E76-4F7D-AFA1-A0CC4457CC4C}.Debug|Any CPU.ActiveCfg = Debug|Any CPU
		{AB199440-6E76-4F7D-AFA1-A0CC4457CC4C}.Debug|Any CPU.Build.0 = Debug|Any CPU
		{AB199440-6E76-4F7D-AFA1-A0CC4457CC4C}.Release|Any CPU.ActiveCfg = Release|Any CPU
		{AB199440-6E76-4F7D-AFA1-A0CC4457CC4C}.Release|Any CPU.Build.0 = Release|Any CPU
	EndGlobalSection
	GlobalSection(SolutionProperties) = preSolution
		HideSolutionNode = FALSE
	EndGlobalSection
	GlobalSection(ExtensibilityGlobals) = postSolution
		SolutionGuid = {6A886795-A149-4A37-A052-9BE84A1848ED}
	EndGlobalSection
EndGlobal
