
Microsoft Visual Studio Solution File, Format Version 12.00
# Visual Studio Version 16
VisualStudioVersion = 16.0.30523.141
MinimumVisualStudioVersion = 10.0.40219.1
Project("{FAE04EC0-301F-11D3-BF4B-00C04F79EFBC}") = "practica1", "practica1\practica1.csproj", "{34B2F014-728A-489D-99C1-1224D2FC37B9}"
EndProject
Global
	GlobalSection(SolutionConfigurationPlatforms) = preSolution
		Debug|Any CPU = Debug|Any CPU
		Release|Any CPU = Release|Any CPU
	EndGlobalSection
	GlobalSection(ProjectConfigurationPlatforms) = postSolution
		{34B2F014-728A-489D-99C1-1224D2FC37B9}.Debug|Any CPU.ActiveCfg = Debug|Any CPU
		{34B2F014-728A-489D-99C1-1224D2FC37B9}.Debug|Any CPU.Build.0 = Debug|Any CPU
		{34B2F014-728A-489D-99C1-1224D2FC37B9}.Release|Any CPU.ActiveCfg = Release|Any CPU
		{34B2F014-728A-489D-99C1-1224D2FC37B9}.Release|Any CPU.Build.0 = Release|Any CPU
	EndGlobalSection
	GlobalSection(SolutionProperties) = preSolution
		HideSolutionNode = FALSE
	EndGlobalSection
	GlobalSection(ExtensibilityGlobals) = postSolution
		SolutionGuid = {E0405ACA-E3EB-40C5-9D27-3C072D8A4160}
	EndGlobalSection
EndGlobal
