
Microsoft Visual Studio Solution File, Format Version 12.00
# Visual Studio Version 16
VisualStudioVersion = 16.0.30523.141
MinimumVisualStudioVersion = 10.0.40219.1
Project("{FAE04EC0-301F-11D3-BF4B-00C04F79EFBC}") = "crud", "crud\crud.csproj", "{C3B20D79-C3C3-44F4-9FCC-54EFFE07D11E}"
EndProject
Global
	GlobalSection(SolutionConfigurationPlatforms) = preSolution
		Debug|Any CPU = Debug|Any CPU
		Release|Any CPU = Release|Any CPU
	EndGlobalSection
	GlobalSection(ProjectConfigurationPlatforms) = postSolution
		{C3B20D79-C3C3-44F4-9FCC-54EFFE07D11E}.Debug|Any CPU.ActiveCfg = Debug|Any CPU
		{C3B20D79-C3C3-44F4-9FCC-54EFFE07D11E}.Debug|Any CPU.Build.0 = Debug|Any CPU
		{C3B20D79-C3C3-44F4-9FCC-54EFFE07D11E}.Release|Any CPU.ActiveCfg = Release|Any CPU
		{C3B20D79-C3C3-44F4-9FCC-54EFFE07D11E}.Release|Any CPU.Build.0 = Release|Any CPU
	EndGlobalSection
	GlobalSection(SolutionProperties) = preSolution
		HideSolutionNode = FALSE
	EndGlobalSection
	GlobalSection(ExtensibilityGlobals) = postSolution
		SolutionGuid = {A031E5F0-E0B7-4C7E-BDDE-5ABE6ED1858F}
	EndGlobalSection
EndGlobal
