
Microsoft Visual Studio Solution File, Format Version 12.00
# Visual Studio Version 16
VisualStudioVersion = 16.0.30523.141
MinimumVisualStudioVersion = 10.0.40219.1
Project("{FAE04EC0-301F-11D3-BF4B-00C04F79EFBC}") = "Ejercicio_4_4_9_1", "Ejercicio_4_4_9_1\Ejercicio_4_4_9_1.csproj", "{48A7D45E-ECE1-4EBA-9129-5854B1CBB88A}"
EndProject
Global
	GlobalSection(SolutionConfigurationPlatforms) = preSolution
		Debug|Any CPU = Debug|Any CPU
		Release|Any CPU = Release|Any CPU
	EndGlobalSection
	GlobalSection(ProjectConfigurationPlatforms) = postSolution
		{48A7D45E-ECE1-4EBA-9129-5854B1CBB88A}.Debug|Any CPU.ActiveCfg = Debug|Any CPU
		{48A7D45E-ECE1-4EBA-9129-5854B1CBB88A}.Debug|Any CPU.Build.0 = Debug|Any CPU
		{48A7D45E-ECE1-4EBA-9129-5854B1CBB88A}.Release|Any CPU.ActiveCfg = Release|Any CPU
		{48A7D45E-ECE1-4EBA-9129-5854B1CBB88A}.Release|Any CPU.Build.0 = Release|Any CPU
	EndGlobalSection
	GlobalSection(SolutionProperties) = preSolution
		HideSolutionNode = FALSE
	EndGlobalSection
	GlobalSection(ExtensibilityGlobals) = postSolution
		SolutionGuid = {EBA48358-6FCD-487B-9C98-0E7025DA5AF7}
	EndGlobalSection
EndGlobal
