
Microsoft Visual Studio Solution File, Format Version 12.00
# Visual Studio Version 16
VisualStudioVersion = 16.0.30523.141
MinimumVisualStudioVersion = 10.0.40219.1
Project("{FAE04EC0-301F-11D3-BF4B-00C04F79EFBC}") = "Ejercicio_4_1_4_1", "Ejercicio_4_1_4_1\Ejercicio_4_1_4_1.csproj", "{3E64D418-23FF-4AEA-B287-85F9B27C05F0}"
EndProject
Global
	GlobalSection(SolutionConfigurationPlatforms) = preSolution
		Debug|Any CPU = Debug|Any CPU
		Release|Any CPU = Release|Any CPU
	EndGlobalSection
	GlobalSection(ProjectConfigurationPlatforms) = postSolution
		{3E64D418-23FF-4AEA-B287-85F9B27C05F0}.Debug|Any CPU.ActiveCfg = Debug|Any CPU
		{3E64D418-23FF-4AEA-B287-85F9B27C05F0}.Debug|Any CPU.Build.0 = Debug|Any CPU
		{3E64D418-23FF-4AEA-B287-85F9B27C05F0}.Release|Any CPU.ActiveCfg = Release|Any CPU
		{3E64D418-23FF-4AEA-B287-85F9B27C05F0}.Release|Any CPU.Build.0 = Release|Any CPU
	EndGlobalSection
	GlobalSection(SolutionProperties) = preSolution
		HideSolutionNode = FALSE
	EndGlobalSection
	GlobalSection(ExtensibilityGlobals) = postSolution
		SolutionGuid = {AEC4B699-0952-452E-8C81-A174E37D21FC}
	EndGlobalSection
EndGlobal
