
Microsoft Visual Studio Solution File, Format Version 12.00
# Visual Studio Version 16
VisualStudioVersion = 16.0.30503.244
MinimumVisualStudioVersion = 10.0.40219.1
Project("{FAE04EC0-301F-11D3-BF4B-00C04F79EFBC}") = "HolaMundo", "HolaMundo\HolaMundo.csproj", "{A45AA75B-8A6D-4833-90F8-A9E130A91443}"
EndProject
Global
	GlobalSection(SolutionConfigurationPlatforms) = preSolution
		Debug|Any CPU = Debug|Any CPU
		Release|Any CPU = Release|Any CPU
	EndGlobalSection
	GlobalSection(ProjectConfigurationPlatforms) = postSolution
		{A45AA75B-8A6D-4833-90F8-A9E130A91443}.Debug|Any CPU.ActiveCfg = Debug|Any CPU
		{A45AA75B-8A6D-4833-90F8-A9E130A91443}.Debug|Any CPU.Build.0 = Debug|Any CPU
		{A45AA75B-8A6D-4833-90F8-A9E130A91443}.Release|Any CPU.ActiveCfg = Release|Any CPU
		{A45AA75B-8A6D-4833-90F8-A9E130A91443}.Release|Any CPU.Build.0 = Release|Any CPU
	EndGlobalSection
	GlobalSection(SolutionProperties) = preSolution
		HideSolutionNode = FALSE
	EndGlobalSection
	GlobalSection(ExtensibilityGlobals) = postSolution
		SolutionGuid = {C4C24FF0-47AB-4D36-B042-5D8D080FA944}
	EndGlobalSection
EndGlobal
